
Microsoft Visual Studio Solution File, Format Version 12.00
# Visual Studio Version 16
VisualStudioVersion = 16.0.29920.165
MinimumVisualStudioVersion = 10.0.40219.1
Project("{2150E333-8FDC-42A3-9474-1A3956D46DE8}") = "Documentation", "Documentation", "{9F311DAA-A256-44F0-A618-7E47424CD769}"
EndProject
Project("{2150E333-8FDC-42A3-9474-1A3956D46DE8}") = "Source", "Source", "{5993CF0F-EA85-4F2D-B235-254833B86021}"
EndProject
Project("{FAE04EC0-301F-11D3-BF4B-00C04F79EFBC}") = "IRO.Common", "IRO.Common\IRO.Common.csproj", "{FCAB35F8-EEE2-4928-868E-3EE6C02D6789}"
EndProject
Project("{FAE04EC0-301F-11D3-BF4B-00C04F79EFBC}") = "IRO.Application", "IRO.Application\IRO.Application.csproj", "{80FBA1A6-AA63-4ED7-8736-7E010CDFA2B7}"
EndProject
Project("{2150E333-8FDC-42A3-9474-1A3956D46DE8}") = "Common", "Common", "{194F6636-2EF9-43C7-A614-3373821C3809}"
EndProject
Project("{2150E333-8FDC-42A3-9474-1A3956D46DE8}") = "Core", "Core", "{6867C3AC-C7DB-4CDF-A99F-96C2653386E6}"
EndProject
Project("{2150E333-8FDC-42A3-9474-1A3956D46DE8}") = "Infrastructure", "Infrastructure", "{DA965794-FFB3-4F15-9935-C86156961B73}"
EndProject
Project("{2150E333-8FDC-42A3-9474-1A3956D46DE8}") = "Presentation", "Presentation", "{2E4CCE38-62BD-4EFD-BC63-EFF146C2966D}"
EndProject
Project("{FAE04EC0-301F-11D3-BF4B-00C04F79EFBC}") = "IRO.Domain", "IRO.Domain\IRO.Domain.csproj", "{BBFB2E14-705D-4B73-AA3E-9F7B8393A5F5}"
EndProject
Project("{FAE04EC0-301F-11D3-BF4B-00C04F79EFBC}") = "IRO.Infrastucture", "IRO.Infrastucture\IRO.Infrastucture.csproj", "{F266AD3B-C4A5-45A0-95C3-BE11A8712A2F}"
EndProject
Project("{FAE04EC0-301F-11D3-BF4B-00C04F79EFBC}") = "IRO.Persistence", "IRO.Persistence\IRO.Persistence.csproj", "{3CB30ABB-7541-4249-AEA9-32C7F41BF2AD}"
EndProject
Project("{2150E333-8FDC-42A3-9474-1A3956D46DE8}") = "Tests", "Tests", "{E84E0E9C-8D7F-41C0-8D80-F5F3B62E89E3}"
EndProject
Project("{FAE04EC0-301F-11D3-BF4B-00C04F79EFBC}") = "IRO.Tests", "IRO.Tests\IRO.Tests.csproj", "{A5C99549-6A04-4760-9C43-649788BE2CC3}"
EndProject
Project("{FAE04EC0-301F-11D3-BF4B-00C04F79EFBC}") = "IRO.WebAPi", "IRO.WebAPi\IRO.WebAPi.csproj", "{3380FA81-57D3-45F6-AFAB-4CC70E1CB54C}"
EndProject
Global
	GlobalSection(SolutionConfigurationPlatforms) = preSolution
		Debug|Any CPU = Debug|Any CPU
		Release|Any CPU = Release|Any CPU
	EndGlobalSection
	GlobalSection(ProjectConfigurationPlatforms) = postSolution
		{FCAB35F8-EEE2-4928-868E-3EE6C02D6789}.Debug|Any CPU.ActiveCfg = Debug|Any CPU
		{FCAB35F8-EEE2-4928-868E-3EE6C02D6789}.Debug|Any CPU.Build.0 = Debug|Any CPU
		{FCAB35F8-EEE2-4928-868E-3EE6C02D6789}.Release|Any CPU.ActiveCfg = Release|Any CPU
		{FCAB35F8-EEE2-4928-868E-3EE6C02D6789}.Release|Any CPU.Build.0 = Release|Any CPU
		{80FBA1A6-AA63-4ED7-8736-7E010CDFA2B7}.Debug|Any CPU.ActiveCfg = Debug|Any CPU
		{80FBA1A6-AA63-4ED7-8736-7E010CDFA2B7}.Debug|Any CPU.Build.0 = Debug|Any CPU
		{80FBA1A6-AA63-4ED7-8736-7E010CDFA2B7}.Release|Any CPU.ActiveCfg = Release|Any CPU
		{80FBA1A6-AA63-4ED7-8736-7E010CDFA2B7}.Release|Any CPU.Build.0 = Release|Any CPU
		{BBFB2E14-705D-4B73-AA3E-9F7B8393A5F5}.Debug|Any CPU.ActiveCfg = Debug|Any CPU
		{BBFB2E14-705D-4B73-AA3E-9F7B8393A5F5}.Debug|Any CPU.Build.0 = Debug|Any CPU
		{BBFB2E14-705D-4B73-AA3E-9F7B8393A5F5}.Release|Any CPU.ActiveCfg = Release|Any CPU
		{BBFB2E14-705D-4B73-AA3E-9F7B8393A5F5}.Release|Any CPU.Build.0 = Release|Any CPU
		{F266AD3B-C4A5-45A0-95C3-BE11A8712A2F}.Debug|Any CPU.ActiveCfg = Debug|Any CPU
		{F266AD3B-C4A5-45A0-95C3-BE11A8712A2F}.Debug|Any CPU.Build.0 = Debug|Any CPU
		{F266AD3B-C4A5-45A0-95C3-BE11A8712A2F}.Release|Any CPU.ActiveCfg = Release|Any CPU
		{F266AD3B-C4A5-45A0-95C3-BE11A8712A2F}.Release|Any CPU.Build.0 = Release|Any CPU
		{3CB30ABB-7541-4249-AEA9-32C7F41BF2AD}.Debug|Any CPU.ActiveCfg = Debug|Any CPU
		{3CB30ABB-7541-4249-AEA9-32C7F41BF2AD}.Debug|Any CPU.Build.0 = Debug|Any CPU
		{3CB30ABB-7541-4249-AEA9-32C7F41BF2AD}.Release|Any CPU.ActiveCfg = Release|Any CPU
		{3CB30ABB-7541-4249-AEA9-32C7F41BF2AD}.Release|Any CPU.Build.0 = Release|Any CPU
		{A5C99549-6A04-4760-9C43-649788BE2CC3}.Debug|Any CPU.ActiveCfg = Debug|Any CPU
		{A5C99549-6A04-4760-9C43-649788BE2CC3}.Debug|Any CPU.Build.0 = Debug|Any CPU
		{A5C99549-6A04-4760-9C43-649788BE2CC3}.Release|Any CPU.ActiveCfg = Release|Any CPU
		{A5C99549-6A04-4760-9C43-649788BE2CC3}.Release|Any CPU.Build.0 = Release|Any CPU
		{3380FA81-57D3-45F6-AFAB-4CC70E1CB54C}.Debug|Any CPU.ActiveCfg = Debug|Any CPU
		{3380FA81-57D3-45F6-AFAB-4CC70E1CB54C}.Debug|Any CPU.Build.0 = Debug|Any CPU
		{3380FA81-57D3-45F6-AFAB-4CC70E1CB54C}.Release|Any CPU.ActiveCfg = Release|Any CPU
		{3380FA81-57D3-45F6-AFAB-4CC70E1CB54C}.Release|Any CPU.Build.0 = Release|Any CPU
	EndGlobalSection
	GlobalSection(SolutionProperties) = preSolution
		HideSolutionNode = FALSE
	EndGlobalSection
	GlobalSection(NestedProjects) = preSolution
		{FCAB35F8-EEE2-4928-868E-3EE6C02D6789} = {194F6636-2EF9-43C7-A614-3373821C3809}
		{80FBA1A6-AA63-4ED7-8736-7E010CDFA2B7} = {6867C3AC-C7DB-4CDF-A99F-96C2653386E6}
		{194F6636-2EF9-43C7-A614-3373821C3809} = {5993CF0F-EA85-4F2D-B235-254833B86021}
		{6867C3AC-C7DB-4CDF-A99F-96C2653386E6} = {5993CF0F-EA85-4F2D-B235-254833B86021}
		{DA965794-FFB3-4F15-9935-C86156961B73} = {5993CF0F-EA85-4F2D-B235-254833B86021}
		{2E4CCE38-62BD-4EFD-BC63-EFF146C2966D} = {5993CF0F-EA85-4F2D-B235-254833B86021}
		{BBFB2E14-705D-4B73-AA3E-9F7B8393A5F5} = {6867C3AC-C7DB-4CDF-A99F-96C2653386E6}
		{F266AD3B-C4A5-45A0-95C3-BE11A8712A2F} = {DA965794-FFB3-4F15-9935-C86156961B73}
		{3CB30ABB-7541-4249-AEA9-32C7F41BF2AD} = {DA965794-FFB3-4F15-9935-C86156961B73}
		{A5C99549-6A04-4760-9C43-649788BE2CC3} = {E84E0E9C-8D7F-41C0-8D80-F5F3B62E89E3}
		{3380FA81-57D3-45F6-AFAB-4CC70E1CB54C} = {2E4CCE38-62BD-4EFD-BC63-EFF146C2966D}
	EndGlobalSection
	GlobalSection(ExtensibilityGlobals) = postSolution
		SolutionGuid = {95314E91-BAB1-41AD-A36E-DDF2752C761F}
	EndGlobalSection
EndGlobal
